
Microsoft Visual Studio Solution File, Format Version 12.00
# Visual Studio Version 17
VisualStudioVersion = 17.8.34322.80
MinimumVisualStudioVersion = 10.0.40219.1
Project("{9A19103F-16F7-4668-BE54-9A1E7A4F7556}") = "AZ.GeoPolygonOld", "AZ.GeoPolygon\AZ.GeoPolygonOld.csproj", "{9C3D21A7-8ECF-4594-8253-0BF05977D0DB}"
EndProject
Project("{9A19103F-16F7-4668-BE54-9A1E7A4F7556}") = "AZ.GeoPolygon", "AZ.GeoPolygon\AZ.GeoPolygon.csproj", "{96080447-712F-4F40-B408-59BDAECC3056}"
EndProject
Global
	GlobalSection(SolutionConfigurationPlatforms) = preSolution
		Debug|Any CPU = Debug|Any CPU
		Release|Any CPU = Release|Any CPU
	EndGlobalSection
	GlobalSection(ProjectConfigurationPlatforms) = postSolution
		{9C3D21A7-8ECF-4594-8253-0BF05977D0DB}.Debug|Any CPU.ActiveCfg = Debug|Any CPU
		{9C3D21A7-8ECF-4594-8253-0BF05977D0DB}.Debug|Any CPU.Build.0 = Debug|Any CPU
		{9C3D21A7-8ECF-4594-8253-0BF05977D0DB}.Release|Any CPU.ActiveCfg = Release|Any CPU
		{9C3D21A7-8ECF-4594-8253-0BF05977D0DB}.Release|Any CPU.Build.0 = Release|Any CPU
		{96080447-712F-4F40-B408-59BDAECC3056}.Debug|Any CPU.ActiveCfg = Debug|Any CPU
		{96080447-712F-4F40-B408-59BDAECC3056}.Debug|Any CPU.Build.0 = Debug|Any CPU
		{96080447-712F-4F40-B408-59BDAECC3056}.Release|Any CPU.ActiveCfg = Release|Any CPU
		{96080447-712F-4F40-B408-59BDAECC3056}.Release|Any CPU.Build.0 = Release|Any CPU
	EndGlobalSection
	GlobalSection(SolutionProperties) = preSolution
		HideSolutionNode = FALSE
	EndGlobalSection
	GlobalSection(ExtensibilityGlobals) = postSolution
		SolutionGuid = {4DB59A7D-B4D1-4657-8587-845C44A9DA9D}
	EndGlobalSection
EndGlobal
